
Microsoft Visual Studio Solution File, Format Version 12.00
# Visual Studio 2012
Project("{FAE04EC0-301F-11D3-BF4B-00C04F79EFBC}") = "NoGracias", "NoGracias\NoGracias.csproj", "{34FA13B2-566C-4772-A0CC-9493ACCF23F1}"
EndProject
Global
	GlobalSection(SolutionConfigurationPlatforms) = preSolution
		Debug|iPhoneSimulator = Debug|iPhoneSimulator
		Release|iPhone = Release|iPhone
		Release|iPhoneSimulator = Release|iPhoneSimulator
		Debug|iPhone = Debug|iPhone
	EndGlobalSection
	GlobalSection(ProjectConfigurationPlatforms) = postSolution
		{34FA13B2-566C-4772-A0CC-9493ACCF23F1}.Debug|iPhoneSimulator.ActiveCfg = Debug|iPhoneSimulator
		{34FA13B2-566C-4772-A0CC-9493ACCF23F1}.Debug|iPhoneSimulator.Build.0 = Debug|iPhoneSimulator
		{34FA13B2-566C-4772-A0CC-9493ACCF23F1}.Release|iPhone.ActiveCfg = Release|iPhone
		{34FA13B2-566C-4772-A0CC-9493ACCF23F1}.Release|iPhone.Build.0 = Release|iPhone
		{34FA13B2-566C-4772-A0CC-9493ACCF23F1}.Release|iPhoneSimulator.ActiveCfg = Release|iPhoneSimulator
		{34FA13B2-566C-4772-A0CC-9493ACCF23F1}.Release|iPhoneSimulator.Build.0 = Release|iPhoneSimulator
		{34FA13B2-566C-4772-A0CC-9493ACCF23F1}.Debug|iPhone.ActiveCfg = Debug|iPhone
		{34FA13B2-566C-4772-A0CC-9493ACCF23F1}.Debug|iPhone.Build.0 = Debug|iPhone
	EndGlobalSection
EndGlobal
